<?xml version="1.0" encoding="utf-8"?>
<Project ToolsVersion="4.0" xmlns="http://schemas.microsoft.com/developer/msbuild/2003">
  <ItemGroup>
    <Filter Include="ソース ファイル">
      <UniqueIdentifier>{3dd4cc8a-8cad-4d48-a1a6-f71af3267124}</UniqueIdentifier>
      <Extensions>cpp;c;cxx;def;odl;idl;hpj;bat;asm</Extensions>
    </Filter>
    <Filter Include="common">
      <UniqueIdentifier>{b84c6c61-b554-41b4-80c0-fcdc70a807fe}</UniqueIdentifier>
    </Filter>
  </ItemGroup>
  <ItemGroup>
    <ClCompile Include="stage.cpp">
      <Filter>ソース ファイル</Filter>
    </ClCompile>
    <ClCompile Include="..\common\gobjbase.cpp">
      <Filter>common</Filter>
    </ClCompile>
  </ItemGroup>
  <ItemGroup>
    <ClInclude Include="stage.h">
      <Filter>ソース ファイル</Filter>
    </ClInclude>
    <ClInclude Include="..\common\define_gcd.h">
      <Filter>common</Filter>
    </ClInclude>
    <ClInclude Include="..\common\gobjbase.h">
      <Filter>common</Filter>
    </ClInclude>
    <ClInclude Include="..\common\gobject.h">
      <Filter>common</Filter>
    </ClInclude>
  </ItemGroup>
  <ItemGroup>
    <MASM Include="..\common\NewFunc.asm">
      <Filter>common</Filter>
    </MASM>
  </ItemGroup>
</Project>