<?xml version="1.0" encoding="utf-8"?>
<Project ToolsVersion="4.0" xmlns="http://schemas.microsoft.com/developer/msbuild/2003">
  <ItemGroup>
    <Filter Include="ソース ファイル">
      <UniqueIdentifier>{eda7ee96-8364-4d07-97e3-8da9b2f432c0}</UniqueIdentifier>
      <Extensions>cpp;c;cxx;def;odl;idl;hpj;bat;asm</Extensions>
    </Filter>
    <Filter Include="common">
      <UniqueIdentifier>{082574fe-8ef2-4937-b453-b6431fed9532}</UniqueIdentifier>
    </Filter>
  </ItemGroup>
  <ItemGroup>
    <ClCompile Include="stage.cpp">
      <Filter>ソース ファイル</Filter>
    </ClCompile>
    <ClCompile Include="..\common\gobjbase.cpp">
      <Filter>common</Filter>
    </ClCompile>
  </ItemGroup>
  <ItemGroup>
    <ClInclude Include="stage.h">
      <Filter>ソース ファイル</Filter>
    </ClInclude>
    <ClInclude Include="..\common\define_gcd.h">
      <Filter>common</Filter>
    </ClInclude>
    <ClInclude Include="..\common\gobjbase.h">
      <Filter>common</Filter>
    </ClInclude>
    <ClInclude Include="..\common\gobject.h">
      <Filter>common</Filter>
    </ClInclude>
  </ItemGroup>
  <ItemGroup>
    <MASM Include="..\common\NewFunc.asm">
      <Filter>common</Filter>
    </MASM>
  </ItemGroup>
</Project>