Microsoft Visual Studio Solution File, Format Version 12.00
# Visual Studio 2013
VisualStudioVersion = 12.0.31101.0
MinimumVisualStudioVersion = 10.0.40219.1
Project("{8BC9CEB8-8B4A-11D0-8D11-00A0C91BC942}") = "goluah", "goluah\goluah.vcxproj", "{016B2A2D-A8D0-4F5C-A8C9-9D0E9DA8595C}"
EndProject
Project("{8BC9CEB8-8B4A-11D0-8D11-00A0C91BC942}") = "chardll_8mona", "chardll_8mona\chardll_8mona.vcxproj", "{FFEC8445-E910-40A1-B892-435C7847D4AE}"
	ProjectSection(ProjectDependencies) = postProject
		{96B5300B-63C1-4685-B560-9763F1EAF7EF} = {96B5300B-63C1-4685-B560-9763F1EAF7EF}
	EndProjectSection
EndProject
Project("{8BC9CEB8-8B4A-11D0-8D11-00A0C91BC942}") = "chardll_wassoi", "chardll_wassoi\chardll_wassoi.vcxproj", "{AEA44699-8000-461F-9CF9-6A52366F89F9}"
	ProjectSection(ProjectDependencies) = postProject
		{96B5300B-63C1-4685-B560-9763F1EAF7EF} = {96B5300B-63C1-4685-B560-9763F1EAF7EF}
	EndProjectSection
EndProject
Project("{8BC9CEB8-8B4A-11D0-8D11-00A0C91BC942}") = "chardll_zonu", "chardll_zonu\chardll_zonu.vcxproj", "{B0F6316A-C6F0-457E-8535-DE01BAAD59B4}"
	ProjectSection(ProjectDependencies) = postProject
		{016B2A2D-A8D0-4F5C-A8C9-9D0E9DA8595C} = {016B2A2D-A8D0-4F5C-A8C9-9D0E9DA8595C}
	EndProjectSection
EndProject
Project("{8BC9CEB8-8B4A-11D0-8D11-00A0C91BC942}") = "stagedll_datocean", "stagedll_datocean\stagedll_datocean.vcxproj", "{9838DCF1-7637-43DF-9DA2-6FF74B8D49EE}"
	ProjectSection(ProjectDependencies) = postProject
		{96B5300B-63C1-4685-B560-9763F1EAF7EF} = {96B5300B-63C1-4685-B560-9763F1EAF7EF}
	EndProjectSection
EndProject
Project("{8BC9CEB8-8B4A-11D0-8D11-00A0C91BC942}") = "stagedll_systemdefault", "stagedll_systemdefault\stagedll_systemdefault.vcxproj", "{5EDF5C97-84A3-4885-A95E-F9831BF783D9}"
	ProjectSection(ProjectDependencies) = postProject
		{96B5300B-63C1-4685-B560-9763F1EAF7EF} = {96B5300B-63C1-4685-B560-9763F1EAF7EF}
	EndProjectSection
EndProject
Project("{8BC9CEB8-8B4A-11D0-8D11-00A0C91BC942}") = "stagedll_geocity", "stagedll_geocity\stagedll_geocity.vcxproj", "{51DFADFC-09D6-4090-AEE9-87F087CDC4D6}"
	ProjectSection(ProjectDependencies) = postProject
		{96B5300B-63C1-4685-B560-9763F1EAF7EF} = {96B5300B-63C1-4685-B560-9763F1EAF7EF}
	EndProjectSection
EndProject
Project("{8BC9CEB8-8B4A-11D0-8D11-00A0C91BC942}") = "stagedll_iseki", "stagedll_iseki\stagedll_iseki.vcxproj", "{FEE4E1F4-DB7B-4145-9909-2F3191F0CDD7}"
	ProjectSection(ProjectDependencies) = postProject
		{96B5300B-63C1-4685-B560-9763F1EAF7EF} = {96B5300B-63C1-4685-B560-9763F1EAF7EF}
	EndProjectSection
EndProject
Project("{8BC9CEB8-8B4A-11D0-8D11-00A0C91BC942}") = "stagedll_iceland", "stagedll_iceland\stagedll_iceland.vcxproj", "{7046D259-4232-40B0-A2DF-AA80096ADC2D}"
	ProjectSection(ProjectDependencies) = postProject
		{96B5300B-63C1-4685-B560-9763F1EAF7EF} = {96B5300B-63C1-4685-B560-9763F1EAF7EF}
	EndProjectSection
EndProject
Project("{8BC9CEB8-8B4A-11D0-8D11-00A0C91BC942}") = "stagedll_yuki", "stagedll_yuki\stagedll_yuki.vcxproj", "{77956B37-3205-4FBB-9558-AA32FFD718FE}"
	ProjectSection(ProjectDependencies) = postProject
		{96B5300B-63C1-4685-B560-9763F1EAF7EF} = {96B5300B-63C1-4685-B560-9763F1EAF7EF}
	EndProjectSection
EndProject
Project("{8BC9CEB8-8B4A-11D0-8D11-00A0C91BC942}") = "stagedll_yuuyake", "stagedll_yuuyake\stagedll_yuuyake.vcxproj", "{9F58836D-49C6-4A5D-9093-B53904EFC6EF}"
	ProjectSection(ProjectDependencies) = postProject
		{96B5300B-63C1-4685-B560-9763F1EAF7EF} = {96B5300B-63C1-4685-B560-9763F1EAF7EF}
	EndProjectSection
EndProject
Project("{8BC9CEB8-8B4A-11D0-8D11-00A0C91BC942}") = "stagedll_asa", "stagedll_asa\stagedll_asa.vcxproj", "{2BFE304E-7905-45E8-B2D2-76EED9C689C0}"
	ProjectSection(ProjectDependencies) = postProject
		{96B5300B-63C1-4685-B560-9763F1EAF7EF} = {96B5300B-63C1-4685-B560-9763F1EAF7EF}
	EndProjectSection
EndProject
Project("{8BC9CEB8-8B4A-11D0-8D11-00A0C91BC942}") = "chardll_morara", "chardll_morara\chardll_morara.vcxproj", "{681E9330-F19F-4A2F-976D-24B8EB08C554}"
	ProjectSection(ProjectDependencies) = postProject
		{96B5300B-63C1-4685-B560-9763F1EAF7EF} = {96B5300B-63C1-4685-B560-9763F1EAF7EF}
	EndProjectSection
EndProject
Project("{8BC9CEB8-8B4A-11D0-8D11-00A0C91BC942}") = "chardll_mona", "chardll_mona\chardll_mona.vcxproj", "{FA39FC31-E324-4016-ACB1-0FE05F250E59}"
	ProjectSection(ProjectDependencies) = postProject
		{96B5300B-63C1-4685-B560-9763F1EAF7EF} = {96B5300B-63C1-4685-B560-9763F1EAF7EF}
	EndProjectSection
EndProject
Project("{8BC9CEB8-8B4A-11D0-8D11-00A0C91BC942}") = "chardll_giko", "chardll_giko\chardll_giko.vcxproj", "{D269D9CE-A012-43B4-8B33-DB6264764B74}"
	ProjectSection(ProjectDependencies) = postProject
		{96B5300B-63C1-4685-B560-9763F1EAF7EF} = {96B5300B-63C1-4685-B560-9763F1EAF7EF}
	EndProjectSection
EndProject
Project("{8BC9CEB8-8B4A-11D0-8D11-00A0C91BC942}") = "chardll_c", "chardll_c\chardll_c.vcxproj", "{E8D9BAF2-EF8F-4B96-A5F4-9F66A0EAFC7F}"
	ProjectSection(ProjectDependencies) = postProject
		{96B5300B-63C1-4685-B560-9763F1EAF7EF} = {96B5300B-63C1-4685-B560-9763F1EAF7EF}
	EndProjectSection
EndProject
Project("{8BC9CEB8-8B4A-11D0-8D11-00A0C91BC942}") = "goluah_c100", "goluah_c100\goluah_c100.vcxproj", "{96B5300B-63C1-4685-B560-9763F1EAF7EF}"
EndProject
Project("{8BC9CEB8-8B4A-11D0-8D11-00A0C91BC942}") = "goluah_efct", "goluah_efct\goluah_efct.vcxproj", "{148A3693-7A61-497C-91AC-E2E59D345080}"
EndProject
Global
	GlobalSection(SolutionConfigurationPlatforms) = preSolution
		Debug|Win32 = Debug|Win32
		Release|Win32 = Release|Win32
	EndGlobalSection
	GlobalSection(ProjectConfigurationPlatforms) = postSolution
		{016B2A2D-A8D0-4F5C-A8C9-9D0E9DA8595C}.Debug|Win32.ActiveCfg = Debug|Win32
		{016B2A2D-A8D0-4F5C-A8C9-9D0E9DA8595C}.Debug|Win32.Build.0 = Debug|Win32
		{016B2A2D-A8D0-4F5C-A8C9-9D0E9DA8595C}.Release|Win32.ActiveCfg = Release|Win32
		{016B2A2D-A8D0-4F5C-A8C9-9D0E9DA8595C}.Release|Win32.Build.0 = Release|Win32
		{FFEC8445-E910-40A1-B892-435C7847D4AE}.Debug|Win32.ActiveCfg = Debug|Win32
		{FFEC8445-E910-40A1-B892-435C7847D4AE}.Debug|Win32.Build.0 = Debug|Win32
		{FFEC8445-E910-40A1-B892-435C7847D4AE}.Release|Win32.ActiveCfg = Release|Win32
		{FFEC8445-E910-40A1-B892-435C7847D4AE}.Release|Win32.Build.0 = Release|Win32
		{AEA44699-8000-461F-9CF9-6A52366F89F9}.Debug|Win32.ActiveCfg = Debug|Win32
		{AEA44699-8000-461F-9CF9-6A52366F89F9}.Debug|Win32.Build.0 = Debug|Win32
		{AEA44699-8000-461F-9CF9-6A52366F89F9}.Release|Win32.ActiveCfg = Release|Win32
		{AEA44699-8000-461F-9CF9-6A52366F89F9}.Release|Win32.Build.0 = Release|Win32
		{B0F6316A-C6F0-457E-8535-DE01BAAD59B4}.Debug|Win32.ActiveCfg = Debug|Win32
		{B0F6316A-C6F0-457E-8535-DE01BAAD59B4}.Debug|Win32.Build.0 = Debug|Win32
		{B0F6316A-C6F0-457E-8535-DE01BAAD59B4}.Release|Win32.ActiveCfg = Release|Win32
		{B0F6316A-C6F0-457E-8535-DE01BAAD59B4}.Release|Win32.Build.0 = Release|Win32
		{9838DCF1-7637-43DF-9DA2-6FF74B8D49EE}.Debug|Win32.ActiveCfg = Debug|Win32
		{9838DCF1-7637-43DF-9DA2-6FF74B8D49EE}.Debug|Win32.Build.0 = Debug|Win32
		{9838DCF1-7637-43DF-9DA2-6FF74B8D49EE}.Release|Win32.ActiveCfg = Release|Win32
		{9838DCF1-7637-43DF-9DA2-6FF74B8D49EE}.Release|Win32.Build.0 = Release|Win32
		{5EDF5C97-84A3-4885-A95E-F9831BF783D9}.Debug|Win32.ActiveCfg = Debug|Win32
		{5EDF5C97-84A3-4885-A95E-F9831BF783D9}.Debug|Win32.Build.0 = Debug|Win32
		{5EDF5C97-84A3-4885-A95E-F9831BF783D9}.Release|Win32.ActiveCfg = Release|Win32
		{5EDF5C97-84A3-4885-A95E-F9831BF783D9}.Release|Win32.Build.0 = Release|Win32
		{51DFADFC-09D6-4090-AEE9-87F087CDC4D6}.Debug|Win32.ActiveCfg = Debug|Win32
		{51DFADFC-09D6-4090-AEE9-87F087CDC4D6}.Debug|Win32.Build.0 = Debug|Win32
		{51DFADFC-09D6-4090-AEE9-87F087CDC4D6}.Release|Win32.ActiveCfg = Release|Win32
		{51DFADFC-09D6-4090-AEE9-87F087CDC4D6}.Release|Win32.Build.0 = Release|Win32
		{FEE4E1F4-DB7B-4145-9909-2F3191F0CDD7}.Debug|Win32.ActiveCfg = Debug|Win32
		{FEE4E1F4-DB7B-4145-9909-2F3191F0CDD7}.Debug|Win32.Build.0 = Debug|Win32
		{FEE4E1F4-DB7B-4145-9909-2F3191F0CDD7}.Release|Win32.ActiveCfg = Release|Win32
		{FEE4E1F4-DB7B-4145-9909-2F3191F0CDD7}.Release|Win32.Build.0 = Release|Win32
		{7046D259-4232-40B0-A2DF-AA80096ADC2D}.Debug|Win32.ActiveCfg = Debug|Win32
		{7046D259-4232-40B0-A2DF-AA80096ADC2D}.Debug|Win32.Build.0 = Debug|Win32
		{7046D259-4232-40B0-A2DF-AA80096ADC2D}.Release|Win32.ActiveCfg = Release|Win32
		{7046D259-4232-40B0-A2DF-AA80096ADC2D}.Release|Win32.Build.0 = Release|Win32
		{77956B37-3205-4FBB-9558-AA32FFD718FE}.Debug|Win32.ActiveCfg = Debug|Win32
		{77956B37-3205-4FBB-9558-AA32FFD718FE}.Debug|Win32.Build.0 = Debug|Win32
		{77956B37-3205-4FBB-9558-AA32FFD718FE}.Release|Win32.ActiveCfg = Release|Win32
		{77956B37-3205-4FBB-9558-AA32FFD718FE}.Release|Win32.Build.0 = Release|Win32
		{9F58836D-49C6-4A5D-9093-B53904EFC6EF}.Debug|Win32.ActiveCfg = Debug|Win32
		{9F58836D-49C6-4A5D-9093-B53904EFC6EF}.Debug|Win32.Build.0 = Debug|Win32
		{9F58836D-49C6-4A5D-9093-B53904EFC6EF}.Release|Win32.ActiveCfg = Release|Win32
		{9F58836D-49C6-4A5D-9093-B53904EFC6EF}.Release|Win32.Build.0 = Release|Win32
		{2BFE304E-7905-45E8-B2D2-76EED9C689C0}.Debug|Win32.ActiveCfg = Debug|Win32
		{2BFE304E-7905-45E8-B2D2-76EED9C689C0}.Debug|Win32.Build.0 = Debug|Win32
		{2BFE304E-7905-45E8-B2D2-76EED9C689C0}.Release|Win32.ActiveCfg = Release|Win32
		{2BFE304E-7905-45E8-B2D2-76EED9C689C0}.Release|Win32.Build.0 = Release|Win32
		{681E9330-F19F-4A2F-976D-24B8EB08C554}.Debug|Win32.ActiveCfg = Debug|Win32
		{681E9330-F19F-4A2F-976D-24B8EB08C554}.Debug|Win32.Build.0 = Debug|Win32
		{681E9330-F19F-4A2F-976D-24B8EB08C554}.Release|Win32.ActiveCfg = Release|Win32
		{681E9330-F19F-4A2F-976D-24B8EB08C554}.Release|Win32.Build.0 = Release|Win32
		{FA39FC31-E324-4016-ACB1-0FE05F250E59}.Debug|Win32.ActiveCfg = Debug|Win32
		{FA39FC31-E324-4016-ACB1-0FE05F250E59}.Debug|Win32.Build.0 = Debug|Win32
		{FA39FC31-E324-4016-ACB1-0FE05F250E59}.Release|Win32.ActiveCfg = Release|Win32
		{FA39FC31-E324-4016-ACB1-0FE05F250E59}.Release|Win32.Build.0 = Release|Win32
		{D269D9CE-A012-43B4-8B33-DB6264764B74}.Debug|Win32.ActiveCfg = Debug|Win32
		{D269D9CE-A012-43B4-8B33-DB6264764B74}.Debug|Win32.Build.0 = Debug|Win32
		{D269D9CE-A012-43B4-8B33-DB6264764B74}.Release|Win32.ActiveCfg = Release|Win32
		{D269D9CE-A012-43B4-8B33-DB6264764B74}.Release|Win32.Build.0 = Release|Win32
		{E8D9BAF2-EF8F-4B96-A5F4-9F66A0EAFC7F}.Debug|Win32.ActiveCfg = Debug|Win32
		{E8D9BAF2-EF8F-4B96-A5F4-9F66A0EAFC7F}.Debug|Win32.Build.0 = Debug|Win32
		{E8D9BAF2-EF8F-4B96-A5F4-9F66A0EAFC7F}.Release|Win32.ActiveCfg = Release|Win32
		{E8D9BAF2-EF8F-4B96-A5F4-9F66A0EAFC7F}.Release|Win32.Build.0 = Release|Win32
		{96B5300B-63C1-4685-B560-9763F1EAF7EF}.Debug|Win32.ActiveCfg = Debug|Win32
		{96B5300B-63C1-4685-B560-9763F1EAF7EF}.Debug|Win32.Build.0 = Debug|Win32
		{96B5300B-63C1-4685-B560-9763F1EAF7EF}.Release|Win32.ActiveCfg = Release|Win32
		{96B5300B-63C1-4685-B560-9763F1EAF7EF}.Release|Win32.Build.0 = Release|Win32
		{148A3693-7A61-497C-91AC-E2E59D345080}.Debug|Win32.ActiveCfg = Debug|Win32
		{148A3693-7A61-497C-91AC-E2E59D345080}.Debug|Win32.Build.0 = Debug|Win32
		{148A3693-7A61-497C-91AC-E2E59D345080}.Release|Win32.ActiveCfg = Release|Win32
		{148A3693-7A61-497C-91AC-E2E59D345080}.Release|Win32.Build.0 = Release|Win32
	EndGlobalSection
	GlobalSection(SolutionProperties) = preSolution
		HideSolutionNode = FALSE
	EndGlobalSection
EndGlobal
