Microsoft Visual Studio Solution File, Format Version 12.00
# Visual Studio 2013
VisualStudioVersion = 12.0.31101.0
MinimumVisualStudioVersion = 10.0.40219.1
Project("{8BC9CEB8-8B4A-11D0-8D11-00A0C91BC942}") = "goluah", "goluah\goluah.vcxproj", "{016B2A2D-A8D0-4F5C-A8C9-9D0E9DA8595C}"
EndProject
Project("{8BC9CEB8-8B4A-11D0-8D11-00A0C91BC942}") = "goluah_config", "goluah_config\goluah_config.vcxproj", "{48959368-F6BF-40B3-B4B2-EAAC7EF66B99}"
EndProject
Project("{8BC9CEB8-8B4A-11D0-8D11-00A0C91BC942}") = "are_editer", "are_editer\are_editer.vcxproj", "{D3859D2E-72A0-4BCA-91B4-C2530AC836F2}"
EndProject
Global
	GlobalSection(SolutionConfigurationPlatforms) = preSolution
		Debug|Win32 = Debug|Win32
		Release|Win32 = Release|Win32
	EndGlobalSection
	GlobalSection(ProjectConfigurationPlatforms) = postSolution
		{016B2A2D-A8D0-4F5C-A8C9-9D0E9DA8595C}.Debug|Win32.ActiveCfg = Debug|Win32
		{016B2A2D-A8D0-4F5C-A8C9-9D0E9DA8595C}.Debug|Win32.Build.0 = Debug|Win32
		{016B2A2D-A8D0-4F5C-A8C9-9D0E9DA8595C}.Release|Win32.ActiveCfg = Release|Win32
		{016B2A2D-A8D0-4F5C-A8C9-9D0E9DA8595C}.Release|Win32.Build.0 = Release|Win32
		{48959368-F6BF-40B3-B4B2-EAAC7EF66B99}.Debug|Win32.ActiveCfg = Debug|Win32
		{48959368-F6BF-40B3-B4B2-EAAC7EF66B99}.Debug|Win32.Build.0 = Debug|Win32
		{48959368-F6BF-40B3-B4B2-EAAC7EF66B99}.Release|Win32.ActiveCfg = Release|Win32
		{48959368-F6BF-40B3-B4B2-EAAC7EF66B99}.Release|Win32.Build.0 = Release|Win32
		{D3859D2E-72A0-4BCA-91B4-C2530AC836F2}.Debug|Win32.ActiveCfg = Debug|Win32
		{D3859D2E-72A0-4BCA-91B4-C2530AC836F2}.Debug|Win32.Build.0 = Debug|Win32
		{D3859D2E-72A0-4BCA-91B4-C2530AC836F2}.Release|Win32.ActiveCfg = Release|Win32
		{D3859D2E-72A0-4BCA-91B4-C2530AC836F2}.Release|Win32.Build.0 = Release|Win32
	EndGlobalSection
	GlobalSection(SolutionProperties) = preSolution
		HideSolutionNode = FALSE
	EndGlobalSection
EndGlobal
