<?xml version="1.0" encoding="utf-8"?>
<Project ToolsVersion="4.0" xmlns="http://schemas.microsoft.com/developer/msbuild/2003">
  <ItemGroup>
    <Filter Include="ソース ファイル">
      <UniqueIdentifier>{7840db4e-9af0-4f25-beab-864c534cfdcb}</UniqueIdentifier>
      <Extensions>cpp;c;cxx;def;odl;idl;hpj;bat;asm</Extensions>
    </Filter>
    <Filter Include="common">
      <UniqueIdentifier>{2351e93a-0437-42b9-bba7-073a47c74aba}</UniqueIdentifier>
      <Extensions>h;hpp;hxx;hm;inl;inc</Extensions>
    </Filter>
  </ItemGroup>
  <ItemGroup>
    <ClCompile Include="floor.cpp">
      <Filter>ソース ファイル</Filter>
    </ClCompile>
    <ClCompile Include="main.cpp">
      <Filter>ソース ファイル</Filter>
    </ClCompile>
    <ClCompile Include="sky.cpp">
      <Filter>ソース ファイル</Filter>
    </ClCompile>
    <ClCompile Include="soul.cpp">
      <Filter>ソース ファイル</Filter>
    </ClCompile>
    <ClCompile Include="soul_down.cpp">
      <Filter>ソース ファイル</Filter>
    </ClCompile>
    <ClCompile Include="stage.cpp">
      <Filter>ソース ファイル</Filter>
    </ClCompile>
    <ClCompile Include="..\common\aki3d.cpp">
      <Filter>common</Filter>
    </ClCompile>
    <ClCompile Include="..\common\aki3d_internal.cpp">
      <Filter>common</Filter>
    </ClCompile>
  </ItemGroup>
  <ItemGroup>
    <ClInclude Include="floor.h">
      <Filter>ソース ファイル</Filter>
    </ClInclude>
    <ClInclude Include="sky.h">
      <Filter>ソース ファイル</Filter>
    </ClInclude>
    <ClInclude Include="soul.h">
      <Filter>ソース ファイル</Filter>
    </ClInclude>
    <ClInclude Include="soul_down.h">
      <Filter>ソース ファイル</Filter>
    </ClInclude>
    <ClInclude Include="stage.h">
      <Filter>ソース ファイル</Filter>
    </ClInclude>
    <ClInclude Include="..\common\aki3d.h">
      <Filter>common</Filter>
    </ClInclude>
    <ClInclude Include="..\common\aki3d_internal.h">
      <Filter>common</Filter>
    </ClInclude>
    <ClInclude Include="..\common\define_gcd.h">
      <Filter>common</Filter>
    </ClInclude>
    <ClInclude Include="..\common\gobject.h">
      <Filter>common</Filter>
    </ClInclude>
  </ItemGroup>
  <ItemGroup>
    <MASM Include="..\common\NewFunc.asm">
      <Filter>common</Filter>
    </MASM>
  </ItemGroup>
</Project>