<?xml version="1.0" encoding="utf-8"?>
<Project ToolsVersion="4.0" xmlns="http://schemas.microsoft.com/developer/msbuild/2003">
  <ItemGroup>
    <Filter Include="ソース ファイル">
      <UniqueIdentifier>{afc5888b-e4b8-40b5-8cd8-48b87a26c09b}</UniqueIdentifier>
    </Filter>
    <Filter Include="common">
      <UniqueIdentifier>{a2263082-0378-4e39-9b72-54a6950a6f41}</UniqueIdentifier>
    </Filter>
  </ItemGroup>
  <ItemGroup>
    <ClCompile Include="action_attack.cpp">
      <Filter>ソース ファイル</Filter>
    </ClCompile>
    <ClCompile Include="action_damage.cpp">
      <Filter>ソース ファイル</Filter>
    </ClCompile>
    <ClCompile Include="action_hissatu.cpp">
      <Filter>ソース ファイル</Filter>
    </ClCompile>
    <ClCompile Include="action_normal.cpp">
      <Filter>ソース ファイル</Filter>
    </ClCompile>
    <ClCompile Include="bullets.cpp">
      <Filter>ソース ファイル</Filter>
    </ClCompile>
    <ClCompile Include="character.cpp">
      <Filter>ソース ファイル</Filter>
    </ClCompile>
    <ClCompile Include="..\common\gobjbase.cpp">
      <Filter>common</Filter>
    </ClCompile>
  </ItemGroup>
  <ItemGroup>
    <ClInclude Include="cell.h">
      <Filter>ソース ファイル</Filter>
    </ClInclude>
    <ClInclude Include="character.h">
      <Filter>ソース ファイル</Filter>
    </ClInclude>
    <ClInclude Include="..\common\define_gcd.h">
      <Filter>common</Filter>
    </ClInclude>
    <ClInclude Include="..\common\gobjbase.h">
      <Filter>common</Filter>
    </ClInclude>
    <ClInclude Include="..\common\gobject.h">
      <Filter>common</Filter>
    </ClInclude>
  </ItemGroup>
  <ItemGroup>
    <None Include="character.def">
      <Filter>ソース ファイル</Filter>
    </None>
  </ItemGroup>
</Project>